
Microsoft Visual Studio Solution File, Format Version 12.00
# Visual Studio 2013
VisualStudioVersion = 12.0.40629.0
MinimumVisualStudioVersion = 10.0.40219.1
Project("{FAE04EC0-301F-11D3-BF4B-00C04F79EFBC}") = "Effort.BusinessLogicTest", "UnitTests\Effort.BusinessLogicTest.csproj", "{D71C9D83-397F-4EE6-9F9A-4B40983C1906}"
EndProject
Project("{FAE04EC0-301F-11D3-BF4B-00C04F79EFBC}") = "Effort.DataAccess", "AdventureWorksEntityFramework.Data\Effort.DataAccess.csproj", "{ED5337CF-A463-427F-9106-2F9A2D7BF281}"
EndProject
Global
	GlobalSection(SolutionConfigurationPlatforms) = preSolution
		Debug|Any CPU = Debug|Any CPU
		Release|Any CPU = Release|Any CPU
	EndGlobalSection
	GlobalSection(ProjectConfigurationPlatforms) = postSolution
		{D71C9D83-397F-4EE6-9F9A-4B40983C1906}.Debug|Any CPU.ActiveCfg = Debug|Any CPU
		{D71C9D83-397F-4EE6-9F9A-4B40983C1906}.Debug|Any CPU.Build.0 = Debug|Any CPU
		{D71C9D83-397F-4EE6-9F9A-4B40983C1906}.Release|Any CPU.ActiveCfg = Release|Any CPU
		{D71C9D83-397F-4EE6-9F9A-4B40983C1906}.Release|Any CPU.Build.0 = Release|Any CPU
		{ED5337CF-A463-427F-9106-2F9A2D7BF281}.Debug|Any CPU.ActiveCfg = Debug|Any CPU
		{ED5337CF-A463-427F-9106-2F9A2D7BF281}.Debug|Any CPU.Build.0 = Debug|Any CPU
		{ED5337CF-A463-427F-9106-2F9A2D7BF281}.Release|Any CPU.ActiveCfg = Release|Any CPU
		{ED5337CF-A463-427F-9106-2F9A2D7BF281}.Release|Any CPU.Build.0 = Release|Any CPU
	EndGlobalSection
	GlobalSection(SolutionProperties) = preSolution
		HideSolutionNode = FALSE
	EndGlobalSection
EndGlobal
